// !$*UTF8*$!
{
	archiveVersion = 1;
	classes = {
	};
	objectVersion = 55;
	objects = {

/* Begin PBXBuildFile section */
		8708431C27EFF90D00D34A41 /* KeyValueStorage+Keychain.swift in Sources */ = {isa = PBXBuildFile; fileRef = 8708431927EFF90D00D34A41 /* KeyValueStorage+Keychain.swift */; };
		8708431D27EFF90D00D34A41 /* KeyValueStorage+Protocol.swift in Sources */ = {isa = PBXBuildFile; fileRef = 8708431A27EFF90D00D34A41 /* KeyValueStorage+Protocol.swift */; };
		8708431E27EFF90D00D34A41 /* KeyValueStorage+UserDefaults.swift in Sources */ = {isa = PBXBuildFile; fileRef = 8708431B27EFF90D00D34A41 /* KeyValueStorage+UserDefaults.swift */; };
		8708432127EFF95600D34A41 /* KeychainAccess in Frameworks */ = {isa = PBXBuildFile; productRef = 8708432027EFF95600D34A41 /* KeychainAccess */; };
		8741C37227DC17C4006F996C /* AppDelegate.swift in Sources */ = {isa = PBXBuildFile; fileRef = 8741C37127DC17C4006F996C /* AppDelegate.swift */; };
		8741C37427DC17C4006F996C /* SceneDelegate.swift in Sources */ = {isa = PBXBuildFile; fileRef = 8741C37327DC17C4006F996C /* SceneDelegate.swift */; };
		8741C37B27DC17C5006F996C /* Assets.xcassets in Resources */ = {isa = PBXBuildFile; fileRef = 8741C37A27DC17C5006F996C /* Assets.xcassets */; };
		8741C37E27DC17C5006F996C /* LaunchScreen.storyboard in Resources */ = {isa = PBXBuildFile; fileRef = 8741C37C27DC17C5006F996C /* LaunchScreen.storyboard */; };
		8741C38827DC1982006F996C /* Alamofire in Frameworks */ = {isa = PBXBuildFile; productRef = 8741C38727DC1982006F996C /* Alamofire */; };
		8741C38A27DC19A1006F996C /* rest+alamofire.swift in Sources */ = {isa = PBXBuildFile; fileRef = 8741C38927DC19A1006F996C /* rest+alamofire.swift */; };
		8741C38E27DC2092006F996C /* rest+protocol.swift in Sources */ = {isa = PBXBuildFile; fileRef = 8741C38D27DC2092006F996C /* rest+protocol.swift */; };
		8747D8DF27EFF71A002F19AE /* common.swift in Sources */ = {isa = PBXBuildFile; fileRef = 8747D8DE27EFF71A002F19AE /* common.swift */; };
		87B6567827DD88020083E286 /* repository.swift in Sources */ = {isa = PBXBuildFile; fileRef = 87B6567727DD88020083E286 /* repository.swift */; };
		87B6567A27DDA00C0083E286 /* service.swift in Sources */ = {isa = PBXBuildFile; fileRef = 87B6567927DDA00C0083E286 /* service.swift */; };
		87B6567C27DDEF1D0083E286 /* Router.swift in Sources */ = {isa = PBXBuildFile; fileRef = 87B6567B27DDEF1D0083E286 /* Router.swift */; };
		87B6568327DEA2410083E286 /* Swinject in Frameworks */ = {isa = PBXBuildFile; productRef = 87B6568227DEA2410083E286 /* Swinject */; };
		87B6568527DEA2740083E286 /* Dependency.swift in Sources */ = {isa = PBXBuildFile; fileRef = 87B6568427DEA2740083E286 /* Dependency.swift */; };
		87B6569027DEBFA20083E286 /* DetailViewController.swift in Sources */ = {isa = PBXBuildFile; fileRef = 87B6568C27DEBFA20083E286 /* DetailViewController.swift */; };
		87B6569127DEBFA20083E286 /* HomeViewController.xib in Resources */ = {isa = PBXBuildFile; fileRef = 87B6568D27DEBFA20083E286 /* HomeViewController.xib */; };
		87B6569227DEBFA20083E286 /* HomeViewController.swift in Sources */ = {isa = PBXBuildFile; fileRef = 87B6568E27DEBFA20083E286 /* HomeViewController.swift */; };
		87B6569327DEBFA20083E286 /* DetailViewController.xib in Resources */ = {isa = PBXBuildFile; fileRef = 87B6568F27DEBFA20083E286 /* DetailViewController.xib */; };
		87B6569A27DEC1D40083E286 /* HomeViewController+ViewModel.swift in Sources */ = {isa = PBXBuildFile; fileRef = 87B6569927DEC1D40083E286 /* HomeViewController+ViewModel.swift */; };
/* End PBXBuildFile section */

/* Begin PBXFileReference section */
		8708431927EFF90D00D34A41 /* KeyValueStorage+Keychain.swift */ = {isa = PBXFileReference; fileEncoding = 4; lastKnownFileType = sourcecode.swift; path = "KeyValueStorage+Keychain.swift"; sourceTree = "<group>"; };
		8708431A27EFF90D00D34A41 /* KeyValueStorage+Protocol.swift */ = {isa = PBXFileReference; fileEncoding = 4; lastKnownFileType = sourcecode.swift; path = "KeyValueStorage+Protocol.swift"; sourceTree = "<group>"; };
		8708431B27EFF90D00D34A41 /* KeyValueStorage+UserDefaults.swift */ = {isa = PBXFileReference; fileEncoding = 4; lastKnownFileType = sourcecode.swift; path = "KeyValueStorage+UserDefaults.swift"; sourceTree = "<group>"; };
		8741C36E27DC17C4006F996C /* RestCombineApp.app */ = {isa = PBXFileReference; explicitFileType = wrapper.application; includeInIndex = 0; path = RestCombineApp.app; sourceTree = BUILT_PRODUCTS_DIR; };
		8741C37127DC17C4006F996C /* AppDelegate.swift */ = {isa = PBXFileReference; lastKnownFileType = sourcecode.swift; path = AppDelegate.swift; sourceTree = "<group>"; };
		8741C37327DC17C4006F996C /* SceneDelegate.swift */ = {isa = PBXFileReference; lastKnownFileType = sourcecode.swift; path = SceneDelegate.swift; sourceTree = "<group>"; };
		8741C37A27DC17C5006F996C /* Assets.xcassets */ = {isa = PBXFileReference; lastKnownFileType = folder.assetcatalog; path = Assets.xcassets; sourceTree = "<group>"; };
		8741C37D27DC17C5006F996C /* Base */ = {isa = PBXFileReference; lastKnownFileType = file.storyboard; name = Base; path = Base.lproj/LaunchScreen.storyboard; sourceTree = "<group>"; };
		8741C37F27DC17C5006F996C /* Info.plist */ = {isa = PBXFileReference; lastKnownFileType = text.plist.xml; path = Info.plist; sourceTree = "<group>"; };
		8741C38927DC19A1006F996C /* rest+alamofire.swift */ = {isa = PBXFileReference; lastKnownFileType = sourcecode.swift; path = "rest+alamofire.swift"; sourceTree = "<group>"; };
		8741C38D27DC2092006F996C /* rest+protocol.swift */ = {isa = PBXFileReference; lastKnownFileType = sourcecode.swift; path = "rest+protocol.swift"; sourceTree = "<group>"; };
		8747D8DE27EFF71A002F19AE /* common.swift */ = {isa = PBXFileReference; lastKnownFileType = sourcecode.swift; path = common.swift; sourceTree = "<group>"; };
		87B6567727DD88020083E286 /* repository.swift */ = {isa = PBXFileReference; lastKnownFileType = sourcecode.swift; path = repository.swift; sourceTree = "<group>"; };
		87B6567927DDA00C0083E286 /* service.swift */ = {isa = PBXFileReference; lastKnownFileType = sourcecode.swift; path = service.swift; sourceTree = "<group>"; };
		87B6567B27DDEF1D0083E286 /* Router.swift */ = {isa = PBXFileReference; lastKnownFileType = sourcecode.swift; path = Router.swift; sourceTree = "<group>"; };
		87B6568427DEA2740083E286 /* Dependency.swift */ = {isa = PBXFileReference; lastKnownFileType = sourcecode.swift; path = Dependency.swift; sourceTree = "<group>"; };
		87B6568C27DEBFA20083E286 /* DetailViewController.swift */ = {isa = PBXFileReference; fileEncoding = 4; lastKnownFileType = sourcecode.swift; path = DetailViewController.swift; sourceTree = "<group>"; };
		87B6568D27DEBFA20083E286 /* HomeViewController.xib */ = {isa = PBXFileReference; fileEncoding = 4; lastKnownFileType = file.xib; path = HomeViewController.xib; sourceTree = "<group>"; };
		87B6568E27DEBFA20083E286 /* HomeViewController.swift */ = {isa = PBXFileReference; fileEncoding = 4; lastKnownFileType = sourcecode.swift; path = HomeViewController.swift; sourceTree = "<group>"; };
		87B6568F27DEBFA20083E286 /* DetailViewController.xib */ = {isa = PBXFileReference; fileEncoding = 4; lastKnownFileType = file.xib; path = DetailViewController.xib; sourceTree = "<group>"; };
		87B6569927DEC1D40083E286 /* HomeViewController+ViewModel.swift */ = {isa = PBXFileReference; lastKnownFileType = sourcecode.swift; path = "HomeViewController+ViewModel.swift"; sourceTree = "<group>"; };
/* End PBXFileReference section */

/* Begin PBXFrameworksBuildPhase section */
		8741C36B27DC17C4006F996C /* Frameworks */ = {
			isa = PBXFrameworksBuildPhase;
			buildActionMask = 2147483647;
			files = (
				8741C38827DC1982006F996C /* Alamofire in Frameworks */,
				87B6568327DEA2410083E286 /* Swinject in Frameworks */,
				8708432127EFF95600D34A41 /* KeychainAccess in Frameworks */,
			);
			runOnlyForDeploymentPostprocessing = 0;
		};
/* End PBXFrameworksBuildPhase section */

/* Begin PBXGroup section */
		8708431827EFF8BF00D34A41 /* keyValue */ = {
			isa = PBXGroup;
			children = (
				8708431927EFF90D00D34A41 /* KeyValueStorage+Keychain.swift */,
				8708431A27EFF90D00D34A41 /* KeyValueStorage+Protocol.swift */,
				8708431B27EFF90D00D34A41 /* KeyValueStorage+UserDefaults.swift */,
			);
			path = keyValue;
			sourceTree = "<group>";
		};
		8741C36527DC17C3006F996C = {
			isa = PBXGroup;
			children = (
				8741C37027DC17C4006F996C /* RestCombineApp */,
				8741C36F27DC17C4006F996C /* Products */,
			);
			sourceTree = "<group>";
		};
		8741C36F27DC17C4006F996C /* Products */ = {
			isa = PBXGroup;
			children = (
				8741C36E27DC17C4006F996C /* RestCombineApp.app */,
			);
			name = Products;
			sourceTree = "<group>";
		};
		8741C37027DC17C4006F996C /* RestCombineApp */ = {
			isa = PBXGroup;
			children = (
				8747D8DD27EFF2E8002F19AE /* library */,
				87B6569527DEC02D0083E286 /* data */,
				87B6569427DEC0220083E286 /* service */,
				87B6568B27DEBFA20083E286 /* view */,
				8741C37127DC17C4006F996C /* AppDelegate.swift */,
				8741C37327DC17C4006F996C /* SceneDelegate.swift */,
				87B6568427DEA2740083E286 /* Dependency.swift */,
				87B6567B27DDEF1D0083E286 /* Router.swift */,
				8741C37A27DC17C5006F996C /* Assets.xcassets */,
				8741C37C27DC17C5006F996C /* LaunchScreen.storyboard */,
				8741C37F27DC17C5006F996C /* Info.plist */,
			);
			path = RestCombineApp;
			sourceTree = "<group>";
		};
		8741C38527DC1835006F996C /* rest */ = {
			isa = PBXGroup;
			children = (
				8741C38927DC19A1006F996C /* rest+alamofire.swift */,
				8741C38D27DC2092006F996C /* rest+protocol.swift */,
			);
			path = rest;
			sourceTree = "<group>";
		};
		8747D8DD27EFF2E8002F19AE /* library */ = {
			isa = PBXGroup;
			children = (
				8708431827EFF8BF00D34A41 /* keyValue */,
				8741C38527DC1835006F996C /* rest */,
				8747D8DE27EFF71A002F19AE /* common.swift */,
			);
			path = library;
			sourceTree = "<group>";
		};
		87B6568B27DEBFA20083E286 /* view */ = {
			isa = PBXGroup;
			children = (
				87B6569827DEC1AB0083E286 /* web */,
				87B6569727DEC1A50083E286 /* detail */,
				87B6569627DEC1A00083E286 /* home */,
			);
			path = view;
			sourceTree = "<group>";
		};
		87B6569427DEC0220083E286 /* service */ = {
			isa = PBXGroup;
			children = (
				87B6567927DDA00C0083E286 /* service.swift */,
			);
			path = service;
			sourceTree = "<group>";
		};
		87B6569527DEC02D0083E286 /* data */ = {
			isa = PBXGroup;
			children = (
				87B6567727DD88020083E286 /* repository.swift */,
			);
			path = data;
			sourceTree = "<group>";
		};
		87B6569627DEC1A00083E286 /* home */ = {
			isa = PBXGroup;
			children = (
				87B6568D27DEBFA20083E286 /* HomeViewController.xib */,
				87B6568E27DEBFA20083E286 /* HomeViewController.swift */,
				87B6569927DEC1D40083E286 /* HomeViewController+ViewModel.swift */,
			);
			path = home;
			sourceTree = "<group>";
		};
		87B6569727DEC1A50083E286 /* detail */ = {
			isa = PBXGroup;
			children = (
				87B6568C27DEBFA20083E286 /* DetailViewController.swift */,
				87B6568F27DEBFA20083E286 /* DetailViewController.xib */,
			);
			path = detail;
			sourceTree = "<group>";
		};
		87B6569827DEC1AB0083E286 /* web */ = {
			isa = PBXGroup;
			children = (
			);
			path = web;
			sourceTree = "<group>";
		};
/* End PBXGroup section */

/* Begin PBXNativeTarget section */
		8741C36D27DC17C4006F996C /* RestCombineApp */ = {
			isa = PBXNativeTarget;
			buildConfigurationList = 8741C38227DC17C5006F996C /* Build configuration list for PBXNativeTarget "RestCombineApp" */;
			buildPhases = (
				8741C36A27DC17C4006F996C /* Sources */,
				8741C36B27DC17C4006F996C /* Frameworks */,
				8741C36C27DC17C4006F996C /* Resources */,
			);
			buildRules = (
			);
			dependencies = (
			);
			name = RestCombineApp;
			packageProductDependencies = (
				8741C38727DC1982006F996C /* Alamofire */,
				87B6568227DEA2410083E286 /* Swinject */,
				8708432027EFF95600D34A41 /* KeychainAccess */,
			);
			productName = RestCombineApp;
			productReference = 8741C36E27DC17C4006F996C /* RestCombineApp.app */;
			productType = "com.apple.product-type.application";
		};
/* End PBXNativeTarget section */

/* Begin PBXProject section */
		8741C36627DC17C3006F996C /* Project object */ = {
			isa = PBXProject;
			attributes = {
				BuildIndependentTargetsInParallel = 1;
				LastSwiftUpdateCheck = 1310;
				LastUpgradeCheck = 1310;
				TargetAttributes = {
					8741C36D27DC17C4006F996C = {
						CreatedOnToolsVersion = 13.1;
					};
				};
			};
			buildConfigurationList = 8741C36927DC17C3006F996C /* Build configuration list for PBXProject "RestCombineApp" */;
			compatibilityVersion = "Xcode 13.0";
			developmentRegion = en;
			hasScannedForEncodings = 0;
			knownRegions = (
				en,
				Base,
			);
			mainGroup = 8741C36527DC17C3006F996C;
			packageReferences = (
				8741C38627DC1982006F996C /* XCRemoteSwiftPackageReference "Alamofire" */,
				87B6568127DEA2410083E286 /* XCRemoteSwiftPackageReference "Swinject" */,
				8708431F27EFF95600D34A41 /* XCRemoteSwiftPackageReference "KeychainAccess" */,
			);
			productRefGroup = 8741C36F27DC17C4006F996C /* Products */;
			projectDirPath = "";
			projectRoot = "";
			targets = (
				8741C36D27DC17C4006F996C /* RestCombineApp */,
			);
		};
/* End PBXProject section */

/* Begin PBXResourcesBuildPhase section */
		8741C36C27DC17C4006F996C /* Resources */ = {
			isa = PBXResourcesBuildPhase;
			buildActionMask = 2147483647;
			files = (
				8741C37E27DC17C5006F996C /* LaunchScreen.storyboard in Resources */,
				87B6569327DEBFA20083E286 /* DetailViewController.xib in Resources */,
				8741C37B27DC17C5006F996C /* Assets.xcassets in Resources */,
				87B6569127DEBFA20083E286 /* HomeViewController.xib in Resources */,
			);
			runOnlyForDeploymentPostprocessing = 0;
		};
/* End PBXResourcesBuildPhase section */

/* Begin PBXSourcesBuildPhase section */
		8741C36A27DC17C4006F996C /* Sources */ = {
			isa = PBXSourcesBuildPhase;
			buildActionMask = 2147483647;
			files = (
				87B6568527DEA2740083E286 /* Dependency.swift in Sources */,
				8741C38A27DC19A1006F996C /* rest+alamofire.swift in Sources */,
				8747D8DF27EFF71A002F19AE /* common.swift in Sources */,
				87B6567A27DDA00C0083E286 /* service.swift in Sources */,
				8708431C27EFF90D00D34A41 /* KeyValueStorage+Keychain.swift in Sources */,
				8708431D27EFF90D00D34A41 /* KeyValueStorage+Protocol.swift in Sources */,
				87B6569027DEBFA20083E286 /* DetailViewController.swift in Sources */,
				87B6567827DD88020083E286 /* repository.swift in Sources */,
				8741C38E27DC2092006F996C /* rest+protocol.swift in Sources */,
				8741C37227DC17C4006F996C /* AppDelegate.swift in Sources */,
				87B6569A27DEC1D40083E286 /* HomeViewController+ViewModel.swift in Sources */,
				8708431E27EFF90D00D34A41 /* KeyValueStorage+UserDefaults.swift in Sources */,
				8741C37427DC17C4006F996C /* SceneDelegate.swift in Sources */,
				87B6567C27DDEF1D0083E286 /* Router.swift in Sources */,
				87B6569227DEBFA20083E286 /* HomeViewController.swift in Sources */,
			);
			runOnlyForDeploymentPostprocessing = 0;
		};
/* End PBXSourcesBuildPhase section */

/* Begin PBXVariantGroup section */
		8741C37C27DC17C5006F996C /* LaunchScreen.storyboard */ = {
			isa = PBXVariantGroup;
			children = (
				8741C37D27DC17C5006F996C /* Base */,
			);
			name = LaunchScreen.storyboard;
			sourceTree = "<group>";
		};
/* End PBXVariantGroup section */

/* Begin XCBuildConfiguration section */
		8741C38027DC17C5006F996C /* Debug */ = {
			isa = XCBuildConfiguration;
			buildSettings = {
				ALWAYS_SEARCH_USER_PATHS = NO;
				CLANG_ANALYZER_NONNULL = YES;
				CLANG_ANALYZER_NUMBER_OBJECT_CONVERSION = YES_AGGRESSIVE;
				CLANG_CXX_LANGUAGE_STANDARD = "gnu++17";
				CLANG_CXX_LIBRARY = "libc++";
				CLANG_ENABLE_MODULES = YES;
				CLANG_ENABLE_OBJC_ARC = YES;
				CLANG_ENABLE_OBJC_WEAK = YES;
				CLANG_WARN_BLOCK_CAPTURE_AUTORELEASING = YES;
				CLANG_WARN_BOOL_CONVERSION = YES;
				CLANG_WARN_COMMA = YES;
				CLANG_WARN_CONSTANT_CONVERSION = YES;
				CLANG_WARN_DEPRECATED_OBJC_IMPLEMENTATIONS = YES;
				CLANG_WARN_DIRECT_OBJC_ISA_USAGE = YES_ERROR;
				CLANG_WARN_DOCUMENTATION_COMMENTS = YES;
				CLANG_WARN_EMPTY_BODY = YES;
				CLANG_WARN_ENUM_CONVERSION = YES;
				CLANG_WARN_INFINITE_RECURSION = YES;
				CLANG_WARN_INT_CONVERSION = YES;
				CLANG_WARN_NON_LITERAL_NULL_CONVERSION = YES;
				CLANG_WARN_OBJC_IMPLICIT_RETAIN_SELF = YES;
				CLANG_WARN_OBJC_LITERAL_CONVERSION = YES;
				CLANG_WARN_OBJC_ROOT_CLASS = YES_ERROR;
				CLANG_WARN_QUOTED_INCLUDE_IN_FRAMEWORK_HEADER = YES;
				CLANG_WARN_RANGE_LOOP_ANALYSIS = YES;
				CLANG_WARN_STRICT_PROTOTYPES = YES;
				CLANG_WARN_SUSPICIOUS_MOVE = YES;
				CLANG_WARN_UNGUARDED_AVAILABILITY = YES_AGGRESSIVE;
				CLANG_WARN_UNREACHABLE_CODE = YES;
				CLANG_WARN__DUPLICATE_METHOD_MATCH = YES;
				COPY_PHASE_STRIP = NO;
				DEBUG_INFORMATION_FORMAT = dwarf;
				ENABLE_STRICT_OBJC_MSGSEND = YES;
				ENABLE_TESTABILITY = YES;
				GCC_C_LANGUAGE_STANDARD = gnu11;
				GCC_DYNAMIC_NO_PIC = NO;
				GCC_NO_COMMON_BLOCKS = YES;
				GCC_OPTIMIZATION_LEVEL = 0;
				GCC_PREPROCESSOR_DEFINITIONS = (
					"DEBUG=1",
					"$(inherited)",
				);
				GCC_WARN_64_TO_32_BIT_CONVERSION = YES;
				GCC_WARN_ABOUT_RETURN_TYPE = YES_ERROR;
				GCC_WARN_UNDECLARED_SELECTOR = YES;
				GCC_WARN_UNINITIALIZED_AUTOS = YES_AGGRESSIVE;
				GCC_WARN_UNUSED_FUNCTION = YES;
				GCC_WARN_UNUSED_VARIABLE = YES;
				IPHONEOS_DEPLOYMENT_TARGET = 15.0;
				MTL_ENABLE_DEBUG_INFO = INCLUDE_SOURCE;
				MTL_FAST_MATH = YES;
				ONLY_ACTIVE_ARCH = YES;
				SDKROOT = iphoneos;
				SWIFT_ACTIVE_COMPILATION_CONDITIONS = DEBUG;
				SWIFT_OPTIMIZATION_LEVEL = "-Onone";
			};
			name = Debug;
		};
		8741C38127DC17C5006F996C /* Release */ = {
			isa = XCBuildConfiguration;
			buildSettings = {
				ALWAYS_SEARCH_USER_PATHS = NO;
				CLANG_ANALYZER_NONNULL = YES;
				CLANG_ANALYZER_NUMBER_OBJECT_CONVERSION = YES_AGGRESSIVE;
				CLANG_CXX_LANGUAGE_STANDARD = "gnu++17";
				CLANG_CXX_LIBRARY = "libc++";
				CLANG_ENABLE_MODULES = YES;
				CLANG_ENABLE_OBJC_ARC = YES;
				CLANG_ENABLE_OBJC_WEAK = YES;
				CLANG_WARN_BLOCK_CAPTURE_AUTORELEASING = YES;
				CLANG_WARN_BOOL_CONVERSION = YES;
				CLANG_WARN_COMMA = YES;
				CLANG_WARN_CONSTANT_CONVERSION = YES;
				CLANG_WARN_DEPRECATED_OBJC_IMPLEMENTATIONS = YES;
				CLANG_WARN_DIRECT_OBJC_ISA_USAGE = YES_ERROR;
				CLANG_WARN_DOCUMENTATION_COMMENTS = YES;
				CLANG_WARN_EMPTY_BODY = YES;
				CLANG_WARN_ENUM_CONVERSION = YES;
				CLANG_WARN_INFINITE_RECURSION = YES;
				CLANG_WARN_INT_CONVERSION = YES;
				CLANG_WARN_NON_LITERAL_NULL_CONVERSION = YES;
				CLANG_WARN_OBJC_IMPLICIT_RETAIN_SELF = YES;
				CLANG_WARN_OBJC_LITERAL_CONVERSION = YES;
				CLANG_WARN_OBJC_ROOT_CLASS = YES_ERROR;
				CLANG_WARN_QUOTED_INCLUDE_IN_FRAMEWORK_HEADER = YES;
				CLANG_WARN_RANGE_LOOP_ANALYSIS = YES;
				CLANG_WARN_STRICT_PROTOTYPES = YES;
				CLANG_WARN_SUSPICIOUS_MOVE = YES;
				CLANG_WARN_UNGUARDED_AVAILABILITY = YES_AGGRESSIVE;
				CLANG_WARN_UNREACHABLE_CODE = YES;
				CLANG_WARN__DUPLICATE_METHOD_MATCH = YES;
				COPY_PHASE_STRIP = NO;
				DEBUG_INFORMATION_FORMAT = "dwarf-with-dsym";
				ENABLE_NS_ASSERTIONS = NO;
				ENABLE_STRICT_OBJC_MSGSEND = YES;
				GCC_C_LANGUAGE_STANDARD = gnu11;
				GCC_NO_COMMON_BLOCKS = YES;
				GCC_WARN_64_TO_32_BIT_CONVERSION = YES;
				GCC_WARN_ABOUT_RETURN_TYPE = YES_ERROR;
				GCC_WARN_UNDECLARED_SELECTOR = YES;
				GCC_WARN_UNINITIALIZED_AUTOS = YES_AGGRESSIVE;
				GCC_WARN_UNUSED_FUNCTION = YES;
				GCC_WARN_UNUSED_VARIABLE = YES;
				IPHONEOS_DEPLOYMENT_TARGET = 15.0;
				MTL_ENABLE_DEBUG_INFO = NO;
				MTL_FAST_MATH = YES;
				SDKROOT = iphoneos;
				SWIFT_COMPILATION_MODE = wholemodule;
				SWIFT_OPTIMIZATION_LEVEL = "-O";
				VALIDATE_PRODUCT = YES;
			};
			name = Release;
		};
		8741C38327DC17C5006F996C /* Debug */ = {
			isa = XCBuildConfiguration;
			buildSettings = {
				ASSETCATALOG_COMPILER_APPICON_NAME = AppIcon;
				ASSETCATALOG_COMPILER_GLOBAL_ACCENT_COLOR_NAME = AccentColor;
				CODE_SIGN_STYLE = Automatic;
				CURRENT_PROJECT_VERSION = 1;
				GENERATE_INFOPLIST_FILE = YES;
				INFOPLIST_FILE = RestCombineApp/Info.plist;
				INFOPLIST_KEY_UIApplicationSupportsIndirectInputEvents = YES;
				INFOPLIST_KEY_UILaunchStoryboardName = LaunchScreen;
				INFOPLIST_KEY_UISupportedInterfaceOrientations_iPad = "UIInterfaceOrientationPortrait UIInterfaceOrientationPortraitUpsideDown UIInterfaceOrientationLandscapeLeft UIInterfaceOrientationLandscapeRight";
				INFOPLIST_KEY_UISupportedInterfaceOrientations_iPhone = "UIInterfaceOrientationPortrait UIInterfaceOrientationLandscapeLeft UIInterfaceOrientationLandscapeRight";
				IPHONEOS_DEPLOYMENT_TARGET = 13.0;
				LD_RUNPATH_SEARCH_PATHS = (
					"$(inherited)",
					"@executable_path/Frameworks",
				);
				MARKETING_VERSION = 1.0;
				PRODUCT_BUNDLE_IDENTIFIER = vn.tbv.RestCombineApp;
				PRODUCT_NAME = "$(TARGET_NAME)";
				SWIFT_EMIT_LOC_STRINGS = YES;
				SWIFT_VERSION = 5.0;
				TARGETED_DEVICE_FAMILY = "1,2";
			};
			name = Debug;
		};
		8741C38427DC17C5006F996C /* Release */ = {
			isa = XCBuildConfiguration;
			buildSettings = {
				ASSETCATALOG_COMPILER_APPICON_NAME = AppIcon;
				ASSETCATALOG_COMPILER_GLOBAL_ACCENT_COLOR_NAME = AccentColor;
				CODE_SIGN_STYLE = Automatic;
				CURRENT_PROJECT_VERSION = 1;
				GENERATE_INFOPLIST_FILE = YES;
				INFOPLIST_FILE = RestCombineApp/Info.plist;
				INFOPLIST_KEY_UIApplicationSupportsIndirectInputEvents = YES;
				INFOPLIST_KEY_UILaunchStoryboardName = LaunchScreen;
				INFOPLIST_KEY_UISupportedInterfaceOrientations_iPad = "UIInterfaceOrientationPortrait UIInterfaceOrientationPortraitUpsideDown UIInterfaceOrientationLandscapeLeft UIInterfaceOrientationLandscapeRight";
				INFOPLIST_KEY_UISupportedInterfaceOrientations_iPhone = "UIInterfaceOrientationPortrait UIInterfaceOrientationLandscapeLeft UIInterfaceOrientationLandscapeRight";
				IPHONEOS_DEPLOYMENT_TARGET = 13.0;
				LD_RUNPATH_SEARCH_PATHS = (
					"$(inherited)",
					"@executable_path/Frameworks",
				);
				MARKETING_VERSION = 1.0;
				PRODUCT_BUNDLE_IDENTIFIER = vn.tbv.RestCombineApp;
				PRODUCT_NAME = "$(TARGET_NAME)";
				SWIFT_EMIT_LOC_STRINGS = YES;
				SWIFT_VERSION = 5.0;
				TARGETED_DEVICE_FAMILY = "1,2";
			};
			name = Release;
		};
/* End XCBuildConfiguration section */

/* Begin XCConfigurationList section */
		8741C36927DC17C3006F996C /* Build configuration list for PBXProject "RestCombineApp" */ = {
			isa = XCConfigurationList;
			buildConfigurations = (
				8741C38027DC17C5006F996C /* Debug */,
				8741C38127DC17C5006F996C /* Release */,
			);
			defaultConfigurationIsVisible = 0;
			defaultConfigurationName = Release;
		};
		8741C38227DC17C5006F996C /* Build configuration list for PBXNativeTarget "RestCombineApp" */ = {
			isa = XCConfigurationList;
			buildConfigurations = (
				8741C38327DC17C5006F996C /* Debug */,
				8741C38427DC17C5006F996C /* Release */,
			);
			defaultConfigurationIsVisible = 0;
			defaultConfigurationName = Release;
		};
/* End XCConfigurationList section */

/* Begin XCRemoteSwiftPackageReference section */
		8708431F27EFF95600D34A41 /* XCRemoteSwiftPackageReference "KeychainAccess" */ = {
			isa = XCRemoteSwiftPackageReference;
			repositoryURL = "https://github.com/kishikawakatsumi/KeychainAccess";
			requirement = {
				kind = exactVersion;
				version = 4.2.2;
			};
		};
		8741C38627DC1982006F996C /* XCRemoteSwiftPackageReference "Alamofire" */ = {
			isa = XCRemoteSwiftPackageReference;
			repositoryURL = "https://github.com/Alamofire/Alamofire.git";
			requirement = {
				kind = exactVersion;
				version = 5.5.0;
			};
		};
		87B6568127DEA2410083E286 /* XCRemoteSwiftPackageReference "Swinject" */ = {
			isa = XCRemoteSwiftPackageReference;
			repositoryURL = "https://github.com/Swinject/Swinject.git";
			requirement = {
				kind = exactVersion;
				version = 2.8.1;
			};
		};
/* End XCRemoteSwiftPackageReference section */

/* Begin XCSwiftPackageProductDependency section */
		8708432027EFF95600D34A41 /* KeychainAccess */ = {
			isa = XCSwiftPackageProductDependency;
			package = 8708431F27EFF95600D34A41 /* XCRemoteSwiftPackageReference "KeychainAccess" */;
			productName = KeychainAccess;
		};
		8741C38727DC1982006F996C /* Alamofire */ = {
			isa = XCSwiftPackageProductDependency;
			package = 8741C38627DC1982006F996C /* XCRemoteSwiftPackageReference "Alamofire" */;
			productName = Alamofire;
		};
		87B6568227DEA2410083E286 /* Swinject */ = {
			isa = XCSwiftPackageProductDependency;
			package = 87B6568127DEA2410083E286 /* XCRemoteSwiftPackageReference "Swinject" */;
			productName = Swinject;
		};
/* End XCSwiftPackageProductDependency section */
	};
	rootObject = 8741C36627DC17C3006F996C /* Project object */;
}
